
Microsoft Visual Studio Solution File, Format Version 12.00
# Visual Studio Version 17
VisualStudioVersion = 17.0.31903.59
MinimumVisualStudioVersion = 10.0.40219.1
Project("{FAE04EC0-301F-11D3-BF4B-00C04F79EFBC}") = "Haiku.Bot", "src\Haiku.Bot.csproj", "{77CF0FA4-044E-4F35-A090-49148FC5975E}"
EndProject
Project("{FAE04EC0-301F-11D3-BF4B-00C04F79EFBC}") = "Haiku.Bot.Tests", "test\Haiku.Bot.Tests.csproj", "{30BC7213-F4E1-41F9-969A-05FF49D09998}"
EndProject
Global
	GlobalSection(SolutionConfigurationPlatforms) = preSolution
		Debug|Any CPU = Debug|Any CPU
		Release|Any CPU = Release|Any CPU
	EndGlobalSection
	GlobalSection(SolutionProperties) = preSolution
		HideSolutionNode = FALSE
	EndGlobalSection
	GlobalSection(ProjectConfigurationPlatforms) = postSolution
		{77CF0FA4-044E-4F35-A090-49148FC5975E}.Debug|Any CPU.ActiveCfg = Debug|Any CPU
		{77CF0FA4-044E-4F35-A090-49148FC5975E}.Debug|Any CPU.Build.0 = Debug|Any CPU
		{77CF0FA4-044E-4F35-A090-49148FC5975E}.Release|Any CPU.ActiveCfg = Release|Any CPU
		{77CF0FA4-044E-4F35-A090-49148FC5975E}.Release|Any CPU.Build.0 = Release|Any CPU
		{30BC7213-F4E1-41F9-969A-05FF49D09998}.Debug|Any CPU.ActiveCfg = Debug|Any CPU
		{30BC7213-F4E1-41F9-969A-05FF49D09998}.Debug|Any CPU.Build.0 = Debug|Any CPU
		{30BC7213-F4E1-41F9-969A-05FF49D09998}.Release|Any CPU.ActiveCfg = Release|Any CPU
		{30BC7213-F4E1-41F9-969A-05FF49D09998}.Release|Any CPU.Build.0 = Release|Any CPU
	EndGlobalSection
EndGlobal
